// !$*UTF8*$!
{
	archiveVersion = 1;
	classes = {
	};
	objectVersion = 56;
	objects = {

/* Begin PBXBuildFile section */
		D7B5240F2AC2242B007D3DD5 /* NewsMVVMAppApp.swift in Sources */ = {isa = PBXBuildFile; fileRef = D7B5240E2AC2242B007D3DD5 /* NewsMVVMAppApp.swift */; };
		D7B524112AC2242B007D3DD5 /* ContentView.swift in Sources */ = {isa = PBXBuildFile; fileRef = D7B524102AC2242B007D3DD5 /* ContentView.swift */; };
		D7B524132AC2242B007D3DD5 /* Assets.xcassets in Resources */ = {isa = PBXBuildFile; fileRef = D7B524122AC2242B007D3DD5 /* Assets.xcassets */; };
		D7B524162AC2242B007D3DD5 /* Preview Assets.xcassets in Resources */ = {isa = PBXBuildFile; fileRef = D7B524152AC2242B007D3DD5 /* Preview Assets.xcassets */; };
		D7B524202AC2242C007D3DD5 /* NewsMVVMAppTests.swift in Sources */ = {isa = PBXBuildFile; fileRef = D7B5241F2AC2242C007D3DD5 /* NewsMVVMAppTests.swift */; };
		D7B5242A2AC2242C007D3DD5 /* NewsMVVMAppUITests.swift in Sources */ = {isa = PBXBuildFile; fileRef = D7B524292AC2242C007D3DD5 /* NewsMVVMAppUITests.swift */; };
		D7B5242C2AC2242C007D3DD5 /* NewsMVVMAppUITestsLaunchTests.swift in Sources */ = {isa = PBXBuildFile; fileRef = D7B5242B2AC2242C007D3DD5 /* NewsMVVMAppUITestsLaunchTests.swift */; };
		D7B5243A2AC22538007D3DD5 /* NewsAPIResponse.swift in Sources */ = {isa = PBXBuildFile; fileRef = D7B524392AC22538007D3DD5 /* NewsAPIResponse.swift */; };
		D7B524402AC22678007D3DD5 /* NewsEndpoint.swift in Sources */ = {isa = PBXBuildFile; fileRef = D7B5243F2AC22678007D3DD5 /* NewsEndpoint.swift */; };
		D7B524442AC228E7007D3DD5 /* APIError.swift in Sources */ = {isa = PBXBuildFile; fileRef = D7B524432AC228E7007D3DD5 /* APIError.swift */; };
/* End PBXBuildFile section */

/* Begin PBXContainerItemProxy section */
		D7B5241C2AC2242C007D3DD5 /* PBXContainerItemProxy */ = {
			isa = PBXContainerItemProxy;
			containerPortal = D7B524032AC2242A007D3DD5 /* Project object */;
			proxyType = 1;
			remoteGlobalIDString = D7B5240A2AC2242A007D3DD5;
			remoteInfo = NewsMVVMApp;
		};
		D7B524262AC2242C007D3DD5 /* PBXContainerItemProxy */ = {
			isa = PBXContainerItemProxy;
			containerPortal = D7B524032AC2242A007D3DD5 /* Project object */;
			proxyType = 1;
			remoteGlobalIDString = D7B5240A2AC2242A007D3DD5;
			remoteInfo = NewsMVVMApp;
		};
/* End PBXContainerItemProxy section */

/* Begin PBXFileReference section */
		D7B5240B2AC2242A007D3DD5 /* NewsMVVMApp.app */ = {isa = PBXFileReference; explicitFileType = wrapper.application; includeInIndex = 0; path = NewsMVVMApp.app; sourceTree = BUILT_PRODUCTS_DIR; };
		D7B5240E2AC2242B007D3DD5 /* NewsMVVMAppApp.swift */ = {isa = PBXFileReference; lastKnownFileType = sourcecode.swift; path = NewsMVVMAppApp.swift; sourceTree = "<group>"; };
		D7B524102AC2242B007D3DD5 /* ContentView.swift */ = {isa = PBXFileReference; lastKnownFileType = sourcecode.swift; path = ContentView.swift; sourceTree = "<group>"; };
		D7B524122AC2242B007D3DD5 /* Assets.xcassets */ = {isa = PBXFileReference; lastKnownFileType = folder.assetcatalog; path = Assets.xcassets; sourceTree = "<group>"; };
		D7B524152AC2242B007D3DD5 /* Preview Assets.xcassets */ = {isa = PBXFileReference; lastKnownFileType = folder.assetcatalog; path = "Preview Assets.xcassets"; sourceTree = "<group>"; };
		D7B5241B2AC2242C007D3DD5 /* NewsMVVMAppTests.xctest */ = {isa = PBXFileReference; explicitFileType = wrapper.cfbundle; includeInIndex = 0; path = NewsMVVMAppTests.xctest; sourceTree = BUILT_PRODUCTS_DIR; };
		D7B5241F2AC2242C007D3DD5 /* NewsMVVMAppTests.swift */ = {isa = PBXFileReference; lastKnownFileType = sourcecode.swift; path = NewsMVVMAppTests.swift; sourceTree = "<group>"; };
		D7B524252AC2242C007D3DD5 /* NewsMVVMAppUITests.xctest */ = {isa = PBXFileReference; explicitFileType = wrapper.cfbundle; includeInIndex = 0; path = NewsMVVMAppUITests.xctest; sourceTree = BUILT_PRODUCTS_DIR; };
		D7B524292AC2242C007D3DD5 /* NewsMVVMAppUITests.swift */ = {isa = PBXFileReference; lastKnownFileType = sourcecode.swift; path = NewsMVVMAppUITests.swift; sourceTree = "<group>"; };
		D7B5242B2AC2242C007D3DD5 /* NewsMVVMAppUITestsLaunchTests.swift */ = {isa = PBXFileReference; lastKnownFileType = sourcecode.swift; path = NewsMVVMAppUITestsLaunchTests.swift; sourceTree = "<group>"; };
		D7B524392AC22538007D3DD5 /* NewsAPIResponse.swift */ = {isa = PBXFileReference; lastKnownFileType = sourcecode.swift; path = NewsAPIResponse.swift; sourceTree = "<group>"; };
		D7B5243F2AC22678007D3DD5 /* NewsEndpoint.swift */ = {isa = PBXFileReference; lastKnownFileType = sourcecode.swift; path = NewsEndpoint.swift; sourceTree = "<group>"; };
		D7B524432AC228E7007D3DD5 /* APIError.swift */ = {isa = PBXFileReference; lastKnownFileType = sourcecode.swift; path = APIError.swift; sourceTree = "<group>"; };
/* End PBXFileReference section */

/* Begin PBXFrameworksBuildPhase section */
		D7B524082AC2242A007D3DD5 /* Frameworks */ = {
			isa = PBXFrameworksBuildPhase;
			buildActionMask = 2147483647;
			files = (
			);
			runOnlyForDeploymentPostprocessing = 0;
		};
		D7B524182AC2242C007D3DD5 /* Frameworks */ = {
			isa = PBXFrameworksBuildPhase;
			buildActionMask = 2147483647;
			files = (
			);
			runOnlyForDeploymentPostprocessing = 0;
		};
		D7B524222AC2242C007D3DD5 /* Frameworks */ = {
			isa = PBXFrameworksBuildPhase;
			buildActionMask = 2147483647;
			files = (
			);
			runOnlyForDeploymentPostprocessing = 0;
		};
/* End PBXFrameworksBuildPhase section */

/* Begin PBXGroup section */
		D7B524022AC2242A007D3DD5 = {
			isa = PBXGroup;
			children = (
				D7B5240D2AC2242A007D3DD5 /* NewsMVVMApp */,
				D7B5241E2AC2242C007D3DD5 /* NewsMVVMAppTests */,
				D7B524282AC2242C007D3DD5 /* NewsMVVMAppUITests */,
				D7B5240C2AC2242A007D3DD5 /* Products */,
			);
			sourceTree = "<group>";
		};
		D7B5240C2AC2242A007D3DD5 /* Products */ = {
			isa = PBXGroup;
			children = (
				D7B5240B2AC2242A007D3DD5 /* NewsMVVMApp.app */,
				D7B5241B2AC2242C007D3DD5 /* NewsMVVMAppTests.xctest */,
				D7B524252AC2242C007D3DD5 /* NewsMVVMAppUITests.xctest */,
			);
			name = Products;
			sourceTree = "<group>";
		};
		D7B5240D2AC2242A007D3DD5 /* NewsMVVMApp */ = {
			isa = PBXGroup;
			children = (
				D7B5243E2AC2266B007D3DD5 /* Service */,
				D7B524382AC224FF007D3DD5 /* Model */,
				D7B5240E2AC2242B007D3DD5 /* NewsMVVMAppApp.swift */,
				D7B524102AC2242B007D3DD5 /* ContentView.swift */,
				D7B524122AC2242B007D3DD5 /* Assets.xcassets */,
				D7B524142AC2242B007D3DD5 /* Preview Content */,
			);
			path = NewsMVVMApp;
			sourceTree = "<group>";
		};
		D7B524142AC2242B007D3DD5 /* Preview Content */ = {
			isa = PBXGroup;
			children = (
				D7B524152AC2242B007D3DD5 /* Preview Assets.xcassets */,
			);
			path = "Preview Content";
			sourceTree = "<group>";
		};
		D7B5241E2AC2242C007D3DD5 /* NewsMVVMAppTests */ = {
			isa = PBXGroup;
			children = (
				D7B5241F2AC2242C007D3DD5 /* NewsMVVMAppTests.swift */,
			);
			path = NewsMVVMAppTests;
			sourceTree = "<group>";
		};
		D7B524282AC2242C007D3DD5 /* NewsMVVMAppUITests */ = {
			isa = PBXGroup;
			children = (
				D7B524292AC2242C007D3DD5 /* NewsMVVMAppUITests.swift */,
				D7B5242B2AC2242C007D3DD5 /* NewsMVVMAppUITestsLaunchTests.swift */,
			);
			path = NewsMVVMAppUITests;
			sourceTree = "<group>";
		};
		D7B524382AC224FF007D3DD5 /* Model */ = {
			isa = PBXGroup;
			children = (
				D7B524392AC22538007D3DD5 /* NewsAPIResponse.swift */,
			);
			path = Model;
			sourceTree = "<group>";
		};
		D7B5243E2AC2266B007D3DD5 /* Service */ = {
			isa = PBXGroup;
			children = (
				D7B524422AC228CB007D3DD5 /* API */,
			);
			path = Service;
			sourceTree = "<group>";
		};
		D7B524422AC228CB007D3DD5 /* API */ = {
			isa = PBXGroup;
			children = (
				D7B5243F2AC22678007D3DD5 /* NewsEndpoint.swift */,
				D7B524432AC228E7007D3DD5 /* APIError.swift */,
			);
			path = API;
			sourceTree = "<group>";
		};
/* End PBXGroup section */

/* Begin PBXNativeTarget section */
		D7B5240A2AC2242A007D3DD5 /* NewsMVVMApp */ = {
			isa = PBXNativeTarget;
			buildConfigurationList = D7B5242F2AC2242C007D3DD5 /* Build configuration list for PBXNativeTarget "NewsMVVMApp" */;
			buildPhases = (
				D7B524072AC2242A007D3DD5 /* Sources */,
				D7B524082AC2242A007D3DD5 /* Frameworks */,
				D7B524092AC2242A007D3DD5 /* Resources */,
			);
			buildRules = (
			);
			dependencies = (
			);
			name = NewsMVVMApp;
			productName = NewsMVVMApp;
			productReference = D7B5240B2AC2242A007D3DD5 /* NewsMVVMApp.app */;
			productType = "com.apple.product-type.application";
		};
		D7B5241A2AC2242C007D3DD5 /* NewsMVVMAppTests */ = {
			isa = PBXNativeTarget;
			buildConfigurationList = D7B524322AC2242C007D3DD5 /* Build configuration list for PBXNativeTarget "NewsMVVMAppTests" */;
			buildPhases = (
				D7B524172AC2242C007D3DD5 /* Sources */,
				D7B524182AC2242C007D3DD5 /* Frameworks */,
				D7B524192AC2242C007D3DD5 /* Resources */,
			);
			buildRules = (
			);
			dependencies = (
				D7B5241D2AC2242C007D3DD5 /* PBXTargetDependency */,
			);
			name = NewsMVVMAppTests;
			productName = NewsMVVMAppTests;
			productReference = D7B5241B2AC2242C007D3DD5 /* NewsMVVMAppTests.xctest */;
			productType = "com.apple.product-type.bundle.unit-test";
		};
		D7B524242AC2242C007D3DD5 /* NewsMVVMAppUITests */ = {
			isa = PBXNativeTarget;
			buildConfigurationList = D7B524352AC2242C007D3DD5 /* Build configuration list for PBXNativeTarget "NewsMVVMAppUITests" */;
			buildPhases = (
				D7B524212AC2242C007D3DD5 /* Sources */,
				D7B524222AC2242C007D3DD5 /* Frameworks */,
				D7B524232AC2242C007D3DD5 /* Resources */,
			);
			buildRules = (
			);
			dependencies = (
				D7B524272AC2242C007D3DD5 /* PBXTargetDependency */,
			);
			name = NewsMVVMAppUITests;
			productName = NewsMVVMAppUITests;
			productReference = D7B524252AC2242C007D3DD5 /* NewsMVVMAppUITests.xctest */;
			productType = "com.apple.product-type.bundle.ui-testing";
		};
/* End PBXNativeTarget section */

/* Begin PBXProject section */
		D7B524032AC2242A007D3DD5 /* Project object */ = {
			isa = PBXProject;
			attributes = {
				BuildIndependentTargetsInParallel = 1;
				LastSwiftUpdateCheck = 1430;
				LastUpgradeCheck = 1430;
				TargetAttributes = {
					D7B5240A2AC2242A007D3DD5 = {
						CreatedOnToolsVersion = 14.3.1;
					};
					D7B5241A2AC2242C007D3DD5 = {
						CreatedOnToolsVersion = 14.3.1;
						TestTargetID = D7B5240A2AC2242A007D3DD5;
					};
					D7B524242AC2242C007D3DD5 = {
						CreatedOnToolsVersion = 14.3.1;
						TestTargetID = D7B5240A2AC2242A007D3DD5;
					};
				};
			};
			buildConfigurationList = D7B524062AC2242A007D3DD5 /* Build configuration list for PBXProject "NewsMVVMApp" */;
			compatibilityVersion = "Xcode 14.0";
			developmentRegion = en;
			hasScannedForEncodings = 0;
			knownRegions = (
				en,
				Base,
			);
			mainGroup = D7B524022AC2242A007D3DD5;
			productRefGroup = D7B5240C2AC2242A007D3DD5 /* Products */;
			projectDirPath = "";
			projectRoot = "";
			targets = (
				D7B5240A2AC2242A007D3DD5 /* NewsMVVMApp */,
				D7B5241A2AC2242C007D3DD5 /* NewsMVVMAppTests */,
				D7B524242AC2242C007D3DD5 /* NewsMVVMAppUITests */,
			);
		};
/* End PBXProject section */

/* Begin PBXResourcesBuildPhase section */
		D7B524092AC2242A007D3DD5 /* Resources */ = {
			isa = PBXResourcesBuildPhase;
			buildActionMask = 2147483647;
			files = (
				D7B524162AC2242B007D3DD5 /* Preview Assets.xcassets in Resources */,
				D7B524132AC2242B007D3DD5 /* Assets.xcassets in Resources */,
			);
			runOnlyForDeploymentPostprocessing = 0;
		};
		D7B524192AC2242C007D3DD5 /* Resources */ = {
			isa = PBXResourcesBuildPhase;
			buildActionMask = 2147483647;
			files = (
			);
			runOnlyForDeploymentPostprocessing = 0;
		};
		D7B524232AC2242C007D3DD5 /* Resources */ = {
			isa = PBXResourcesBuildPhase;
			buildActionMask = 2147483647;
			files = (
			);
			runOnlyForDeploymentPostprocessing = 0;
		};
/* End PBXResourcesBuildPhase section */

/* Begin PBXSourcesBuildPhase section */
		D7B524072AC2242A007D3DD5 /* Sources */ = {
			isa = PBXSourcesBuildPhase;
			buildActionMask = 2147483647;
			files = (
				D7B524112AC2242B007D3DD5 /* ContentView.swift in Sources */,
				D7B5243A2AC22538007D3DD5 /* NewsAPIResponse.swift in Sources */,
				D7B5240F2AC2242B007D3DD5 /* NewsMVVMAppApp.swift in Sources */,
				D7B524442AC228E7007D3DD5 /* APIError.swift in Sources */,
				D7B524402AC22678007D3DD5 /* NewsEndpoint.swift in Sources */,
			);
			runOnlyForDeploymentPostprocessing = 0;
		};
		D7B524172AC2242C007D3DD5 /* Sources */ = {
			isa = PBXSourcesBuildPhase;
			buildActionMask = 2147483647;
			files = (
				D7B524202AC2242C007D3DD5 /* NewsMVVMAppTests.swift in Sources */,
			);
			runOnlyForDeploymentPostprocessing = 0;
		};
		D7B524212AC2242C007D3DD5 /* Sources */ = {
			isa = PBXSourcesBuildPhase;
			buildActionMask = 2147483647;
			files = (
				D7B5242A2AC2242C007D3DD5 /* NewsMVVMAppUITests.swift in Sources */,
				D7B5242C2AC2242C007D3DD5 /* NewsMVVMAppUITestsLaunchTests.swift in Sources */,
			);
			runOnlyForDeploymentPostprocessing = 0;
		};
/* End PBXSourcesBuildPhase section */

/* Begin PBXTargetDependency section */
		D7B5241D2AC2242C007D3DD5 /* PBXTargetDependency */ = {
			isa = PBXTargetDependency;
			target = D7B5240A2AC2242A007D3DD5 /* NewsMVVMApp */;
			targetProxy = D7B5241C2AC2242C007D3DD5 /* PBXContainerItemProxy */;
		};
		D7B524272AC2242C007D3DD5 /* PBXTargetDependency */ = {
			isa = PBXTargetDependency;
			target = D7B5240A2AC2242A007D3DD5 /* NewsMVVMApp */;
			targetProxy = D7B524262AC2242C007D3DD5 /* PBXContainerItemProxy */;
		};
/* End PBXTargetDependency section */

/* Begin XCBuildConfiguration section */
		D7B5242D2AC2242C007D3DD5 /* Debug */ = {
			isa = XCBuildConfiguration;
			buildSettings = {
				ALWAYS_SEARCH_USER_PATHS = NO;
				CLANG_ANALYZER_NONNULL = YES;
				CLANG_ANALYZER_NUMBER_OBJECT_CONVERSION = YES_AGGRESSIVE;
				CLANG_CXX_LANGUAGE_STANDARD = "gnu++20";
				CLANG_ENABLE_MODULES = YES;
				CLANG_ENABLE_OBJC_ARC = YES;
				CLANG_ENABLE_OBJC_WEAK = YES;
				CLANG_WARN_BLOCK_CAPTURE_AUTORELEASING = YES;
				CLANG_WARN_BOOL_CONVERSION = YES;
				CLANG_WARN_COMMA = YES;
				CLANG_WARN_CONSTANT_CONVERSION = YES;
				CLANG_WARN_DEPRECATED_OBJC_IMPLEMENTATIONS = YES;
				CLANG_WARN_DIRECT_OBJC_ISA_USAGE = YES_ERROR;
				CLANG_WARN_DOCUMENTATION_COMMENTS = YES;
				CLANG_WARN_EMPTY_BODY = YES;
				CLANG_WARN_ENUM_CONVERSION = YES;
				CLANG_WARN_INFINITE_RECURSION = YES;
				CLANG_WARN_INT_CONVERSION = YES;
				CLANG_WARN_NON_LITERAL_NULL_CONVERSION = YES;
				CLANG_WARN_OBJC_IMPLICIT_RETAIN_SELF = YES;
				CLANG_WARN_OBJC_LITERAL_CONVERSION = YES;
				CLANG_WARN_OBJC_ROOT_CLASS = YES_ERROR;
				CLANG_WARN_QUOTED_INCLUDE_IN_FRAMEWORK_HEADER = YES;
				CLANG_WARN_RANGE_LOOP_ANALYSIS = YES;
				CLANG_WARN_STRICT_PROTOTYPES = YES;
				CLANG_WARN_SUSPICIOUS_MOVE = YES;
				CLANG_WARN_UNGUARDED_AVAILABILITY = YES_AGGRESSIVE;
				CLANG_WARN_UNREACHABLE_CODE = YES;
				CLANG_WARN__DUPLICATE_METHOD_MATCH = YES;
				COPY_PHASE_STRIP = NO;
				DEBUG_INFORMATION_FORMAT = dwarf;
				ENABLE_STRICT_OBJC_MSGSEND = YES;
				ENABLE_TESTABILITY = YES;
				GCC_C_LANGUAGE_STANDARD = gnu11;
				GCC_DYNAMIC_NO_PIC = NO;
				GCC_NO_COMMON_BLOCKS = YES;
				GCC_OPTIMIZATION_LEVEL = 0;
				GCC_PREPROCESSOR_DEFINITIONS = (
					"DEBUG=1",
					"$(inherited)",
				);
				GCC_WARN_64_TO_32_BIT_CONVERSION = YES;
				GCC_WARN_ABOUT_RETURN_TYPE = YES_ERROR;
				GCC_WARN_UNDECLARED_SELECTOR = YES;
				GCC_WARN_UNINITIALIZED_AUTOS = YES_AGGRESSIVE;
				GCC_WARN_UNUSED_FUNCTION = YES;
				GCC_WARN_UNUSED_VARIABLE = YES;
				IPHONEOS_DEPLOYMENT_TARGET = 16.4;
				MTL_ENABLE_DEBUG_INFO = INCLUDE_SOURCE;
				MTL_FAST_MATH = YES;
				ONLY_ACTIVE_ARCH = YES;
				SDKROOT = iphoneos;
				SWIFT_ACTIVE_COMPILATION_CONDITIONS = DEBUG;
				SWIFT_OPTIMIZATION_LEVEL = "-Onone";
			};
			name = Debug;
		};
		D7B5242E2AC2242C007D3DD5 /* Release */ = {
			isa = XCBuildConfiguration;
			buildSettings = {
				ALWAYS_SEARCH_USER_PATHS = NO;
				CLANG_ANALYZER_NONNULL = YES;
				CLANG_ANALYZER_NUMBER_OBJECT_CONVERSION = YES_AGGRESSIVE;
				CLANG_CXX_LANGUAGE_STANDARD = "gnu++20";
				CLANG_ENABLE_MODULES = YES;
				CLANG_ENABLE_OBJC_ARC = YES;
				CLANG_ENABLE_OBJC_WEAK = YES;
				CLANG_WARN_BLOCK_CAPTURE_AUTORELEASING = YES;
				CLANG_WARN_BOOL_CONVERSION = YES;
				CLANG_WARN_COMMA = YES;
				CLANG_WARN_CONSTANT_CONVERSION = YES;
				CLANG_WARN_DEPRECATED_OBJC_IMPLEMENTATIONS = YES;
				CLANG_WARN_DIRECT_OBJC_ISA_USAGE = YES_ERROR;
				CLANG_WARN_DOCUMENTATION_COMMENTS = YES;
				CLANG_WARN_EMPTY_BODY = YES;
				CLANG_WARN_ENUM_CONVERSION = YES;
				CLANG_WARN_INFINITE_RECURSION = YES;
				CLANG_WARN_INT_CONVERSION = YES;
				CLANG_WARN_NON_LITERAL_NULL_CONVERSION = YES;
				CLANG_WARN_OBJC_IMPLICIT_RETAIN_SELF = YES;
				CLANG_WARN_OBJC_LITERAL_CONVERSION = YES;
				CLANG_WARN_OBJC_ROOT_CLASS = YES_ERROR;
				CLANG_WARN_QUOTED_INCLUDE_IN_FRAMEWORK_HEADER = YES;
				CLANG_WARN_RANGE_LOOP_ANALYSIS = YES;
				CLANG_WARN_STRICT_PROTOTYPES = YES;
				CLANG_WARN_SUSPICIOUS_MOVE = YES;
				CLANG_WARN_UNGUARDED_AVAILABILITY = YES_AGGRESSIVE;
				CLANG_WARN_UNREACHABLE_CODE = YES;
				CLANG_WARN__DUPLICATE_METHOD_MATCH = YES;
				COPY_PHASE_STRIP = NO;
				DEBUG_INFORMATION_FORMAT = "dwarf-with-dsym";
				ENABLE_NS_ASSERTIONS = NO;
				ENABLE_STRICT_OBJC_MSGSEND = YES;
				GCC_C_LANGUAGE_STANDARD = gnu11;
				GCC_NO_COMMON_BLOCKS = YES;
				GCC_WARN_64_TO_32_BIT_CONVERSION = YES;
				GCC_WARN_ABOUT_RETURN_TYPE = YES_ERROR;
				GCC_WARN_UNDECLARED_SELECTOR = YES;
				GCC_WARN_UNINITIALIZED_AUTOS = YES_AGGRESSIVE;
				GCC_WARN_UNUSED_FUNCTION = YES;
				GCC_WARN_UNUSED_VARIABLE = YES;
				IPHONEOS_DEPLOYMENT_TARGET = 16.4;
				MTL_ENABLE_DEBUG_INFO = NO;
				MTL_FAST_MATH = YES;
				SDKROOT = iphoneos;
				SWIFT_COMPILATION_MODE = wholemodule;
				SWIFT_OPTIMIZATION_LEVEL = "-O";
				VALIDATE_PRODUCT = YES;
			};
			name = Release;
		};
		D7B524302AC2242C007D3DD5 /* Debug */ = {
			isa = XCBuildConfiguration;
			buildSettings = {
				ASSETCATALOG_COMPILER_APPICON_NAME = AppIcon;
				ASSETCATALOG_COMPILER_GLOBAL_ACCENT_COLOR_NAME = AccentColor;
				CODE_SIGN_STYLE = Automatic;
				CURRENT_PROJECT_VERSION = 1;
				DEVELOPMENT_ASSET_PATHS = "\"NewsMVVMApp/Preview Content\"";
				DEVELOPMENT_TEAM = W2R537RM73;
				ENABLE_PREVIEWS = YES;
				GENERATE_INFOPLIST_FILE = YES;
				INFOPLIST_KEY_UIApplicationSceneManifest_Generation = YES;
				INFOPLIST_KEY_UIApplicationSupportsIndirectInputEvents = YES;
				INFOPLIST_KEY_UILaunchScreen_Generation = YES;
				INFOPLIST_KEY_UISupportedInterfaceOrientations_iPad = "UIInterfaceOrientationPortrait UIInterfaceOrientationPortraitUpsideDown UIInterfaceOrientationLandscapeLeft UIInterfaceOrientationLandscapeRight";
				INFOPLIST_KEY_UISupportedInterfaceOrientations_iPhone = "UIInterfaceOrientationPortrait UIInterfaceOrientationLandscapeLeft UIInterfaceOrientationLandscapeRight";
				LD_RUNPATH_SEARCH_PATHS = (
					"$(inherited)",
					"@executable_path/Frameworks",
				);
				MARKETING_VERSION = 1.0;
				PRODUCT_BUNDLE_IDENTIFIER = brmarinho.NewsMVVMApp;
				PRODUCT_NAME = "$(TARGET_NAME)";
				SWIFT_EMIT_LOC_STRINGS = YES;
				SWIFT_VERSION = 5.0;
				TARGETED_DEVICE_FAMILY = "1,2";
			};
			name = Debug;
		};
		D7B524312AC2242C007D3DD5 /* Release */ = {
			isa = XCBuildConfiguration;
			buildSettings = {
				ASSETCATALOG_COMPILER_APPICON_NAME = AppIcon;
				ASSETCATALOG_COMPILER_GLOBAL_ACCENT_COLOR_NAME = AccentColor;
				CODE_SIGN_STYLE = Automatic;
				CURRENT_PROJECT_VERSION = 1;
				DEVELOPMENT_ASSET_PATHS = "\"NewsMVVMApp/Preview Content\"";
				DEVELOPMENT_TEAM = W2R537RM73;
				ENABLE_PREVIEWS = YES;
				GENERATE_INFOPLIST_FILE = YES;
				INFOPLIST_KEY_UIApplicationSceneManifest_Generation = YES;
				INFOPLIST_KEY_UIApplicationSupportsIndirectInputEvents = YES;
				INFOPLIST_KEY_UILaunchScreen_Generation = YES;
				INFOPLIST_KEY_UISupportedInterfaceOrientations_iPad = "UIInterfaceOrientationPortrait UIInterfaceOrientationPortraitUpsideDown UIInterfaceOrientationLandscapeLeft UIInterfaceOrientationLandscapeRight";
				INFOPLIST_KEY_UISupportedInterfaceOrientations_iPhone = "UIInterfaceOrientationPortrait UIInterfaceOrientationLandscapeLeft UIInterfaceOrientationLandscapeRight";
				LD_RUNPATH_SEARCH_PATHS = (
					"$(inherited)",
					"@executable_path/Frameworks",
				);
				MARKETING_VERSION = 1.0;
				PRODUCT_BUNDLE_IDENTIFIER = brmarinho.NewsMVVMApp;
				PRODUCT_NAME = "$(TARGET_NAME)";
				SWIFT_EMIT_LOC_STRINGS = YES;
				SWIFT_VERSION = 5.0;
				TARGETED_DEVICE_FAMILY = "1,2";
			};
			name = Release;
		};
		D7B524332AC2242C007D3DD5 /* Debug */ = {
			isa = XCBuildConfiguration;
			buildSettings = {
				ALWAYS_EMBED_SWIFT_STANDARD_LIBRARIES = YES;
				BUNDLE_LOADER = "$(TEST_HOST)";
				CODE_SIGN_STYLE = Automatic;
				CURRENT_PROJECT_VERSION = 1;
				DEVELOPMENT_TEAM = W2R537RM73;
				GENERATE_INFOPLIST_FILE = YES;
				IPHONEOS_DEPLOYMENT_TARGET = 16.4;
				MARKETING_VERSION = 1.0;
				PRODUCT_BUNDLE_IDENTIFIER = brmarinho.NewsMVVMAppTests;
				PRODUCT_NAME = "$(TARGET_NAME)";
				SWIFT_EMIT_LOC_STRINGS = NO;
				SWIFT_VERSION = 5.0;
				TARGETED_DEVICE_FAMILY = "1,2";
				TEST_HOST = "$(BUILT_PRODUCTS_DIR)/NewsMVVMApp.app/$(BUNDLE_EXECUTABLE_FOLDER_PATH)/NewsMVVMApp";
			};
			name = Debug;
		};
		D7B524342AC2242C007D3DD5 /* Release */ = {
			isa = XCBuildConfiguration;
			buildSettings = {
				ALWAYS_EMBED_SWIFT_STANDARD_LIBRARIES = YES;
				BUNDLE_LOADER = "$(TEST_HOST)";
				CODE_SIGN_STYLE = Automatic;
				CURRENT_PROJECT_VERSION = 1;
				DEVELOPMENT_TEAM = W2R537RM73;
				GENERATE_INFOPLIST_FILE = YES;
				IPHONEOS_DEPLOYMENT_TARGET = 16.4;
				MARKETING_VERSION = 1.0;
				PRODUCT_BUNDLE_IDENTIFIER = brmarinho.NewsMVVMAppTests;
				PRODUCT_NAME = "$(TARGET_NAME)";
				SWIFT_EMIT_LOC_STRINGS = NO;
				SWIFT_VERSION = 5.0;
				TARGETED_DEVICE_FAMILY = "1,2";
				TEST_HOST = "$(BUILT_PRODUCTS_DIR)/NewsMVVMApp.app/$(BUNDLE_EXECUTABLE_FOLDER_PATH)/NewsMVVMApp";
			};
			name = Release;
		};
		D7B524362AC2242C007D3DD5 /* Debug */ = {
			isa = XCBuildConfiguration;
			buildSettings = {
				ALWAYS_EMBED_SWIFT_STANDARD_LIBRARIES = YES;
				CODE_SIGN_STYLE = Automatic;
				CURRENT_PROJECT_VERSION = 1;
				DEVELOPMENT_TEAM = W2R537RM73;
				GENERATE_INFOPLIST_FILE = YES;
				MARKETING_VERSION = 1.0;
				PRODUCT_BUNDLE_IDENTIFIER = brmarinho.NewsMVVMAppUITests;
				PRODUCT_NAME = "$(TARGET_NAME)";
				SWIFT_EMIT_LOC_STRINGS = NO;
				SWIFT_VERSION = 5.0;
				TARGETED_DEVICE_FAMILY = "1,2";
				TEST_TARGET_NAME = NewsMVVMApp;
			};
			name = Debug;
		};
		D7B524372AC2242C007D3DD5 /* Release */ = {
			isa = XCBuildConfiguration;
			buildSettings = {
				ALWAYS_EMBED_SWIFT_STANDARD_LIBRARIES = YES;
				CODE_SIGN_STYLE = Automatic;
				CURRENT_PROJECT_VERSION = 1;
				DEVELOPMENT_TEAM = W2R537RM73;
				GENERATE_INFOPLIST_FILE = YES;
				MARKETING_VERSION = 1.0;
				PRODUCT_BUNDLE_IDENTIFIER = brmarinho.NewsMVVMAppUITests;
				PRODUCT_NAME = "$(TARGET_NAME)";
				SWIFT_EMIT_LOC_STRINGS = NO;
				SWIFT_VERSION = 5.0;
				TARGETED_DEVICE_FAMILY = "1,2";
				TEST_TARGET_NAME = NewsMVVMApp;
			};
			name = Release;
		};
/* End XCBuildConfiguration section */

/* Begin XCConfigurationList section */
		D7B524062AC2242A007D3DD5 /* Build configuration list for PBXProject "NewsMVVMApp" */ = {
			isa = XCConfigurationList;
			buildConfigurations = (
				D7B5242D2AC2242C007D3DD5 /* Debug */,
				D7B5242E2AC2242C007D3DD5 /* Release */,
			);
			defaultConfigurationIsVisible = 0;
			defaultConfigurationName = Release;
		};
		D7B5242F2AC2242C007D3DD5 /* Build configuration list for PBXNativeTarget "NewsMVVMApp" */ = {
			isa = XCConfigurationList;
			buildConfigurations = (
				D7B524302AC2242C007D3DD5 /* Debug */,
				D7B524312AC2242C007D3DD5 /* Release */,
			);
			defaultConfigurationIsVisible = 0;
			defaultConfigurationName = Release;
		};
		D7B524322AC2242C007D3DD5 /* Build configuration list for PBXNativeTarget "NewsMVVMAppTests" */ = {
			isa = XCConfigurationList;
			buildConfigurations = (
				D7B524332AC2242C007D3DD5 /* Debug */,
				D7B524342AC2242C007D3DD5 /* Release */,
			);
			defaultConfigurationIsVisible = 0;
			defaultConfigurationName = Release;
		};
		D7B524352AC2242C007D3DD5 /* Build configuration list for PBXNativeTarget "NewsMVVMAppUITests" */ = {
			isa = XCConfigurationList;
			buildConfigurations = (
				D7B524362AC2242C007D3DD5 /* Debug */,
				D7B524372AC2242C007D3DD5 /* Release */,
			);
			defaultConfigurationIsVisible = 0;
			defaultConfigurationName = Release;
		};
/* End XCConfigurationList section */
	};
	rootObject = D7B524032AC2242A007D3DD5 /* Project object */;
}
